{
  "version": "5",
  "remote": {
    "https://edge.netlify.com/": "fd941d61d88673d5f28aab283fb86fcc50f08a3bc80ee5470498fcfa88c65cfb",
    "https://edge.netlify.com/bootstrap/config.ts": "6a2ce0e544e15e8f8883a5c18da5948e37fd0f2619f68cb31f3af53c51817025",
    "https://edge.netlify.com/bootstrap/context.ts": "e97240232121e2f369f6546ce961490f34d961ea1ea54be3ff09633e3f08373f",
    "https://edge.netlify.com/bootstrap/cookie.ts": "8b0baae708989ca183c6f3b4ab3d029e6abcbc2e43f93edeb0ff447b3bbc3a05",
    "https://edge.netlify.com/bootstrap/edge_function.ts": "b8253e86aa83c67341f5cfedeba5049d77fbf84dcab7eceff7566b7728ae9b39",
    "https://edge.netlify.com/bootstrap/globals/types.ts": "eaa6148ded3121d8dee62dd91c86e7fe76601df0f3ca8d7962243a30f4c8935f"
  },
  "workspace": {
    "packageJson": {
      "dependencies": [
        "npm:@astrojs/netlify@^7.0.5",
        "npm:@astrojs/react@^5.0.2",
        "npm:@astrojs/rss@^4.0.18",
        "npm:@astrojs/sitemap@^3.7.2",
        "npm:@aws-sdk/client-dynamodb@^3.1019.0",
        "npm:@aws-sdk/lib-dynamodb@^3.1019.0",
        "npm:@base-ui/react@^1.3.0",
        "npm:@eslint-react/eslint-plugin@3",
        "npm:@eslint/js@^10.0.1",
        "npm:@heroicons/react@^2.2.0",
        "npm:@netlify/functions@^5.2.0",
        "npm:@tailwindcss/typography@~0.5.19",
        "npm:@tailwindcss/vite@^4.2.2",
        "npm:@testing-library/dom@^10.4.1",
        "npm:@testing-library/jest-dom@^6.9.1",
        "npm:@testing-library/react@^16.3.2",
        "npm:@testing-library/user-event@^14.6.1",
        "npm:@types/js-yaml@^4.0.9",
        "npm:@types/react-dom@^19.2.3",
        "npm:@types/react@^19.2.14",
        "npm:astro@^6.3.3",
        "npm:class-variance-authority@~0.7.1",
        "npm:clsx@^2.1.1",
        "npm:decap-cms-app@^3.11.0",
        "npm:embla-carousel-autoplay@^8.6.0",
        "npm:embla-carousel-react@^8.6.0",
        "npm:eslint-config-prettier@^10.1.8",
        "npm:eslint-plugin-astro@^1.7.0",
        "npm:eslint@^10.3.0",
        "npm:happy-dom@^20.8.9",
        "npm:js-yaml@^4.1.1",
        "npm:lucide-react@^1.7.0",
        "npm:prettier-plugin-astro@~0.14.1",
        "npm:prettier@3.8.1",
        "npm:react-dom@^19.2.4",
        "npm:react-markdown@^10.1.0",
        "npm:react@^19.2.4",
        "npm:remark-gfm@^4.0.1",
        "npm:shadcn@^4.1.1",
        "npm:slugify@^1.6.8",
        "npm:stripe@^22.1.1",
        "npm:tailwind-merge@^3.5.0",
        "npm:tailwindcss@^4.2.2",
        "npm:tw-animate-css@^1.4.0",
        "npm:typescript-eslint@^8.57.2",
        "npm:typescript@^6.0.2",
        "npm:vitest@^4.1.2"
      ]
    }
  }
}
